
Microsoft Visual Studio Solution File, Format Version 12.00
# Visual Studio 14
VisualStudioVersion = 14.0.25123.0
MinimumVisualStudioVersion = 10.0.40219.1
Project("{70A7F8E0-487E-4915-9064-D16A464033FC}") = "Sitecore.Support.340597", "Sitecore.Support.340597\Sitecore.Support.340597.csproj", "{63088A4D-B2B3-44E3-ACEB-68EBF9858CE5}"
EndProject
Global
	GlobalSection(SolutionConfigurationPlatforms) = preSolution
		Debug|Any CPU = Debug|Any CPU
		Release|Any CPU = Release|Any CPU
	EndGlobalSection
	GlobalSection(ProjectConfigurationPlatforms) = postSolution
		{63088A4D-B2B3-44E3-ACEB-68EBF9858CE5}.Debug|Any CPU.ActiveCfg = Debug|Any CPU
		{63088A4D-B2B3-44E3-ACEB-68EBF9858CE5}.Debug|Any CPU.Build.0 = Debug|Any CPU
		{63088A4D-B2B3-44E3-ACEB-68EBF9858CE5}.Release|Any CPU.ActiveCfg = Release|Any CPU
		{63088A4D-B2B3-44E3-ACEB-68EBF9858CE5}.Release|Any CPU.Build.0 = Release|Any CPU
	EndGlobalSection
	GlobalSection(SolutionProperties) = preSolution
		HideSolutionNode = FALSE
	EndGlobalSection
EndGlobal
